
Microsoft Visual Studio Solution File, Format Version 12.00
Project("{FAE04EC0-301F-11D3-BF4B-00C04F79EFBC}") = "Contact Book", "Contact Book\Contact Book.csproj", "{62DB1D52-B34B-46E8-8FF7-FF316698B97D}"
EndProject
Global
	GlobalSection(SolutionConfigurationPlatforms) = preSolution
		Debug|Any CPU = Debug|Any CPU
		Release|Any CPU = Release|Any CPU
	EndGlobalSection
	GlobalSection(ProjectConfigurationPlatforms) = postSolution
		{62DB1D52-B34B-46E8-8FF7-FF316698B97D}.Debug|Any CPU.ActiveCfg = Debug|Any CPU
		{62DB1D52-B34B-46E8-8FF7-FF316698B97D}.Debug|Any CPU.Build.0 = Debug|Any CPU
		{62DB1D52-B34B-46E8-8FF7-FF316698B97D}.Release|Any CPU.ActiveCfg = Release|Any CPU
		{62DB1D52-B34B-46E8-8FF7-FF316698B97D}.Release|Any CPU.Build.0 = Release|Any CPU
	EndGlobalSection
EndGlobal
